
Microsoft Visual Studio Solution File, Format Version 12.00
# Visual Studio Version 17
VisualStudioVersion = 17.3.32922.545
MinimumVisualStudioVersion = 10.0.40219.1
Project("{FAE04EC0-301F-11D3-BF4B-00C04F79EFBC}") = "GeoObject", "GeoObject\GeoObject.csproj", "{41418078-38C7-4438-B58C-5DD070F81F61}"
EndProject
Project("{FAE04EC0-301F-11D3-BF4B-00C04F79EFBC}") = "Interface", "Interface\Interface.csproj", "{16145C64-01F7-409D-B801-401E13C40D6A}"
EndProject
Global
	GlobalSection(SolutionConfigurationPlatforms) = preSolution
		Debug|Any CPU = Debug|Any CPU
		Release|Any CPU = Release|Any CPU
	EndGlobalSection
	GlobalSection(ProjectConfigurationPlatforms) = postSolution
		{41418078-38C7-4438-B58C-5DD070F81F61}.Debug|Any CPU.ActiveCfg = Debug|Any CPU
		{41418078-38C7-4438-B58C-5DD070F81F61}.Debug|Any CPU.Build.0 = Debug|Any CPU
		{41418078-38C7-4438-B58C-5DD070F81F61}.Release|Any CPU.ActiveCfg = Release|Any CPU
		{41418078-38C7-4438-B58C-5DD070F81F61}.Release|Any CPU.Build.0 = Release|Any CPU
		{16145C64-01F7-409D-B801-401E13C40D6A}.Debug|Any CPU.ActiveCfg = Debug|Any CPU
		{16145C64-01F7-409D-B801-401E13C40D6A}.Debug|Any CPU.Build.0 = Debug|Any CPU
		{16145C64-01F7-409D-B801-401E13C40D6A}.Release|Any CPU.ActiveCfg = Release|Any CPU
		{16145C64-01F7-409D-B801-401E13C40D6A}.Release|Any CPU.Build.0 = Release|Any CPU
	EndGlobalSection
	GlobalSection(SolutionProperties) = preSolution
		HideSolutionNode = FALSE
	EndGlobalSection
	GlobalSection(ExtensibilityGlobals) = postSolution
		SolutionGuid = {A3D1CB16-9530-4A23-9095-59388977E25F}
	EndGlobalSection
EndGlobal
